
Microsoft Visual Studio Solution File, Format Version 12.00
# Visual Studio 14
VisualStudioVersion = 14.0.25123.0
MinimumVisualStudioVersion = 10.0.40219.1
Project("{581633EB-B896-402F-8E60-36F3DA191C85}") = "LibraryManagement", "LibraryManagement\LibraryManagement.lsxtproj", "{C85F81CE-3EF9-455A-9BDE-89777DF3E56E}"
EndProject
Project("{FAE04EC0-301F-11D3-BF4B-00C04F79EFBC}") = "LibraryManagement.Server", "LibraryManagement\LibraryManagement.Server\LibraryManagement.Server.csproj", "{4AAD22BF-154C-4E9B-B7D7-C4AC664B2F63}"
EndProject
Project("{FAE04EC0-301F-11D3-BF4B-00C04F79EFBC}") = "LibraryManagement.DesktopClient", "LibraryManagement\LibraryManagement.DesktopClient\LibraryManagement.DesktopClient.csproj", "{6EAFA12A-6136-41C7-8805-E4E731A52C4E}"
EndProject
Global
	GlobalSection(SolutionConfigurationPlatforms) = preSolution
		Debug|Any CPU = Debug|Any CPU
		Release|Any CPU = Release|Any CPU
	EndGlobalSection
	GlobalSection(ProjectConfigurationPlatforms) = postSolution
		{C85F81CE-3EF9-455A-9BDE-89777DF3E56E}.Debug|Any CPU.ActiveCfg = Debug|Any CPU
		{C85F81CE-3EF9-455A-9BDE-89777DF3E56E}.Debug|Any CPU.Build.0 = Debug|Any CPU
		{C85F81CE-3EF9-455A-9BDE-89777DF3E56E}.Release|Any CPU.ActiveCfg = Release|Any CPU
		{C85F81CE-3EF9-455A-9BDE-89777DF3E56E}.Release|Any CPU.Build.0 = Release|Any CPU
		{4AAD22BF-154C-4E9B-B7D7-C4AC664B2F63}.Debug|Any CPU.ActiveCfg = Debug|Any CPU
		{4AAD22BF-154C-4E9B-B7D7-C4AC664B2F63}.Debug|Any CPU.Build.0 = Debug|Any CPU
		{4AAD22BF-154C-4E9B-B7D7-C4AC664B2F63}.Release|Any CPU.ActiveCfg = Release|Any CPU
		{4AAD22BF-154C-4E9B-B7D7-C4AC664B2F63}.Release|Any CPU.Build.0 = Release|Any CPU
		{6EAFA12A-6136-41C7-8805-E4E731A52C4E}.Debug|Any CPU.ActiveCfg = Debug|Any CPU
		{6EAFA12A-6136-41C7-8805-E4E731A52C4E}.Debug|Any CPU.Build.0 = Debug|Any CPU
		{6EAFA12A-6136-41C7-8805-E4E731A52C4E}.Release|Any CPU.ActiveCfg = Release|Any CPU
		{6EAFA12A-6136-41C7-8805-E4E731A52C4E}.Release|Any CPU.Build.0 = Release|Any CPU
	EndGlobalSection
	GlobalSection(SolutionProperties) = preSolution
		HideSolutionNode = FALSE
	EndGlobalSection
EndGlobal
